
Microsoft Visual Studio Solution File, Format Version 12.00
# Visual Studio Version 17
VisualStudioVersion = 17.4.33110.190
MinimumVisualStudioVersion = 10.0.40219.1
Project("{FAE04EC0-301F-11D3-BF4B-00C04F79EFBC}") = "LifeLine", "LifeLine.csproj", "{8F1E9A34-EB5A-4B64-97F1-AFEDF5F0F396}"
EndProject
Global
	GlobalSection(SolutionConfigurationPlatforms) = preSolution
		Debug|Any CPU = Debug|Any CPU
		Release|Any CPU = Release|Any CPU
	EndGlobalSection
	GlobalSection(ProjectConfigurationPlatforms) = postSolution
		{8F1E9A34-EB5A-4B64-97F1-AFEDF5F0F396}.Debug|Any CPU.ActiveCfg = Debug|Any CPU
		{8F1E9A34-EB5A-4B64-97F1-AFEDF5F0F396}.Debug|Any CPU.Build.0 = Debug|Any CPU
		{8F1E9A34-EB5A-4B64-97F1-AFEDF5F0F396}.Release|Any CPU.ActiveCfg = Release|Any CPU
		{8F1E9A34-EB5A-4B64-97F1-AFEDF5F0F396}.Release|Any CPU.Build.0 = Release|Any CPU
	EndGlobalSection
	GlobalSection(SolutionProperties) = preSolution
		HideSolutionNode = FALSE
	EndGlobalSection
	GlobalSection(ExtensibilityGlobals) = postSolution
		SolutionGuid = {EF91A0AF-3B16-4380-A147-C133E59C2BDB}
	EndGlobalSection
EndGlobal
